
Microsoft Visual Studio Solution File, Format Version 12.00
# Visual Studio 15
VisualStudioVersion = 15.0.28010.2046
MinimumVisualStudioVersion = 10.0.40219.1
Project("{FAE04EC0-301F-11D3-BF4B-00C04F79EFBC}") = "ConsoleApp1", "ConsoleApp1\ConsoleApp1.csproj", "{828965C9-2913-4241-9D06-99178BD905AE}"
EndProject
Project("{FAE04EC0-301F-11D3-BF4B-00C04F79EFBC}") = "InsuranceLibrary", "InsuranceLibrary\InsuranceLibrary.csproj", "{5E3702BB-6756-4B47-AAA9-DDC18D6D8A56}"
EndProject
Project("{FAE04EC0-301F-11D3-BF4B-00C04F79EFBC}") = "InsuranceFrontEnd", "InsuranceFrontEnd\InsuranceFrontEnd.csproj", "{CBBB36F1-8983-4E71-89FE-AB3C41FE4565}"
EndProject
Global
	GlobalSection(SolutionConfigurationPlatforms) = preSolution
		Debug|Any CPU = Debug|Any CPU
		Release|Any CPU = Release|Any CPU
	EndGlobalSection
	GlobalSection(ProjectConfigurationPlatforms) = postSolution
		{828965C9-2913-4241-9D06-99178BD905AE}.Debug|Any CPU.ActiveCfg = Debug|Any CPU
		{828965C9-2913-4241-9D06-99178BD905AE}.Debug|Any CPU.Build.0 = Debug|Any CPU
		{828965C9-2913-4241-9D06-99178BD905AE}.Release|Any CPU.ActiveCfg = Release|Any CPU
		{828965C9-2913-4241-9D06-99178BD905AE}.Release|Any CPU.Build.0 = Release|Any CPU
		{5E3702BB-6756-4B47-AAA9-DDC18D6D8A56}.Debug|Any CPU.ActiveCfg = Debug|Any CPU
		{5E3702BB-6756-4B47-AAA9-DDC18D6D8A56}.Debug|Any CPU.Build.0 = Debug|Any CPU
		{5E3702BB-6756-4B47-AAA9-DDC18D6D8A56}.Release|Any CPU.ActiveCfg = Release|Any CPU
		{5E3702BB-6756-4B47-AAA9-DDC18D6D8A56}.Release|Any CPU.Build.0 = Release|Any CPU
		{CBBB36F1-8983-4E71-89FE-AB3C41FE4565}.Debug|Any CPU.ActiveCfg = Debug|Any CPU
		{CBBB36F1-8983-4E71-89FE-AB3C41FE4565}.Debug|Any CPU.Build.0 = Debug|Any CPU
		{CBBB36F1-8983-4E71-89FE-AB3C41FE4565}.Release|Any CPU.ActiveCfg = Release|Any CPU
		{CBBB36F1-8983-4E71-89FE-AB3C41FE4565}.Release|Any CPU.Build.0 = Release|Any CPU
	EndGlobalSection
	GlobalSection(SolutionProperties) = preSolution
		HideSolutionNode = FALSE
	EndGlobalSection
	GlobalSection(ExtensibilityGlobals) = postSolution
		SolutionGuid = {3FDA0958-6CA3-4CA7-9862-25101E1EE3A3}
	EndGlobalSection
EndGlobal
